
Microsoft Visual Studio Solution File, Format Version 12.00
# Visual Studio Version 17
VisualStudioVersion = 17.7.34221.43
MinimumVisualStudioVersion = 10.0.40219.1
Project("{9A19103F-16F7-4668-BE54-9A1E7A4F7556}") = "CarRentalManagement.Server", "CarRentalManagement\Server\CarRentalManagement.Server.csproj", "{41192F5D-9285-4E34-8916-7A780236434D}"
EndProject
Project("{9A19103F-16F7-4668-BE54-9A1E7A4F7556}") = "CarRentalManagement.Client", "CarRentalManagement\Client\CarRentalManagement.Client.csproj", "{E10BA3DF-D587-49A7-BA61-B21D818AFF43}"
EndProject
Project("{9A19103F-16F7-4668-BE54-9A1E7A4F7556}") = "CarRentalManagement.Shared", "CarRentalManagement\Shared\CarRentalManagement.Shared.csproj", "{AB7FE84F-5851-4EEF-9220-789E15DA537C}"
EndProject
Global
	GlobalSection(SolutionConfigurationPlatforms) = preSolution
		Debug|Any CPU = Debug|Any CPU
		Release|Any CPU = Release|Any CPU
	EndGlobalSection
	GlobalSection(ProjectConfigurationPlatforms) = postSolution
		{41192F5D-9285-4E34-8916-7A780236434D}.Debug|Any CPU.ActiveCfg = Debug|Any CPU
		{41192F5D-9285-4E34-8916-7A780236434D}.Debug|Any CPU.Build.0 = Debug|Any CPU
		{41192F5D-9285-4E34-8916-7A780236434D}.Release|Any CPU.ActiveCfg = Release|Any CPU
		{41192F5D-9285-4E34-8916-7A780236434D}.Release|Any CPU.Build.0 = Release|Any CPU
		{E10BA3DF-D587-49A7-BA61-B21D818AFF43}.Debug|Any CPU.ActiveCfg = Debug|Any CPU
		{E10BA3DF-D587-49A7-BA61-B21D818AFF43}.Debug|Any CPU.Build.0 = Debug|Any CPU
		{E10BA3DF-D587-49A7-BA61-B21D818AFF43}.Release|Any CPU.ActiveCfg = Release|Any CPU
		{E10BA3DF-D587-49A7-BA61-B21D818AFF43}.Release|Any CPU.Build.0 = Release|Any CPU
		{AB7FE84F-5851-4EEF-9220-789E15DA537C}.Debug|Any CPU.ActiveCfg = Debug|Any CPU
		{AB7FE84F-5851-4EEF-9220-789E15DA537C}.Debug|Any CPU.Build.0 = Debug|Any CPU
		{AB7FE84F-5851-4EEF-9220-789E15DA537C}.Release|Any CPU.ActiveCfg = Release|Any CPU
		{AB7FE84F-5851-4EEF-9220-789E15DA537C}.Release|Any CPU.Build.0 = Release|Any CPU
	EndGlobalSection
	GlobalSection(SolutionProperties) = preSolution
		HideSolutionNode = FALSE
	EndGlobalSection
	GlobalSection(ExtensibilityGlobals) = postSolution
		SolutionGuid = {CA741141-0694-448B-B7BA-54947724919A}
	EndGlobalSection
EndGlobal
